
Microsoft Visual Studio Solution File, Format Version 12.00
# Visual Studio Version 17
VisualStudioVersion = 17.0.31919.166
MinimumVisualStudioVersion = 10.0.40219.1
Project("{FAE04EC0-301F-11D3-BF4B-00C04F79EFBC}") = "ShopApp", "ShopApp\ShopApp.csproj", "{FFE61B7C-BF59-43C2-BC0B-58DDB5740512}"
EndProject
Global
	GlobalSection(SolutionConfigurationPlatforms) = preSolution
		Debug|Any CPU = Debug|Any CPU
		Release|Any CPU = Release|Any CPU
	EndGlobalSection
	GlobalSection(ProjectConfigurationPlatforms) = postSolution
		{FFE61B7C-BF59-43C2-BC0B-58DDB5740512}.Debug|Any CPU.ActiveCfg = Debug|Any CPU
		{FFE61B7C-BF59-43C2-BC0B-58DDB5740512}.Debug|Any CPU.Build.0 = Debug|Any CPU
		{FFE61B7C-BF59-43C2-BC0B-58DDB5740512}.Release|Any CPU.ActiveCfg = Release|Any CPU
		{FFE61B7C-BF59-43C2-BC0B-58DDB5740512}.Release|Any CPU.Build.0 = Release|Any CPU
	EndGlobalSection
	GlobalSection(SolutionProperties) = preSolution
		HideSolutionNode = FALSE
	EndGlobalSection
	GlobalSection(ExtensibilityGlobals) = postSolution
		SolutionGuid = {D6466AB9-A978-42B8-88AB-73F8338B0C40}
	EndGlobalSection
EndGlobal
